// !$*UTF8*$!
{
	archiveVersion = 1;
	classes = {
	};
	objectVersion = 46;
	objects = {

/* Begin PBXBuildFile section */
		937B786F1E4B0CA20055C0F3 /* AppDelegate.swift in Sources */ = {isa = PBXBuildFile; fileRef = 937B786E1E4B0CA20055C0F3 /* AppDelegate.swift */; };
		937B78711E4B0CA20055C0F3 /* ViewController.swift in Sources */ = {isa = PBXBuildFile; fileRef = 937B78701E4B0CA20055C0F3 /* ViewController.swift */; };
		937B78741E4B0CA20055C0F3 /* Main.storyboard in Resources */ = {isa = PBXBuildFile; fileRef = 937B78721E4B0CA20055C0F3 /* Main.storyboard */; };
		937B78761E4B0CA20055C0F3 /* Assets.xcassets in Resources */ = {isa = PBXBuildFile; fileRef = 937B78751E4B0CA20055C0F3 /* Assets.xcassets */; };
		937B78791E4B0CA20055C0F3 /* LaunchScreen.storyboard in Resources */ = {isa = PBXBuildFile; fileRef = 937B78771E4B0CA20055C0F3 /* LaunchScreen.storyboard */; };
/* End PBXBuildFile section */

/* Begin PBXFileReference section */
		937B786B1E4B0CA20055C0F3 /* MTImageLibraryDemo.app */ = {isa = PBXFileReference; explicitFileType = wrapper.application; includeInIndex = 0; path = MTImageLibraryDemo.app; sourceTree = BUILT_PRODUCTS_DIR; };
		937B786E1E4B0CA20055C0F3 /* AppDelegate.swift */ = {isa = PBXFileReference; lastKnownFileType = sourcecode.swift; path = AppDelegate.swift; sourceTree = "<group>"; };
		937B78701E4B0CA20055C0F3 /* ViewController.swift */ = {isa = PBXFileReference; lastKnownFileType = sourcecode.swift; path = ViewController.swift; sourceTree = "<group>"; };
		937B78731E4B0CA20055C0F3 /* Base */ = {isa = PBXFileReference; lastKnownFileType = file.storyboard; name = Base; path = Base.lproj/Main.storyboard; sourceTree = "<group>"; };
		937B78751E4B0CA20055C0F3 /* Assets.xcassets */ = {isa = PBXFileReference; lastKnownFileType = folder.assetcatalog; path = Assets.xcassets; sourceTree = "<group>"; };
		937B78781E4B0CA20055C0F3 /* Base */ = {isa = PBXFileReference; lastKnownFileType = file.storyboard; name = Base; path = Base.lproj/LaunchScreen.storyboard; sourceTree = "<group>"; };
		937B787A1E4B0CA20055C0F3 /* Info.plist */ = {isa = PBXFileReference; lastKnownFileType = text.plist.xml; path = Info.plist; sourceTree = "<group>"; };
/* End PBXFileReference section */

/* Begin PBXFrameworksBuildPhase section */
		937B78681E4B0CA20055C0F3 /* Frameworks */ = {
			isa = PBXFrameworksBuildPhase;
			buildActionMask = 2147483647;
			files = (
			);
			runOnlyForDeploymentPostprocessing = 0;
		};
/* End PBXFrameworksBuildPhase section */

/* Begin PBXGroup section */
		937B78621E4B0CA20055C0F3 = {
			isa = PBXGroup;
			children = (
				937B786D1E4B0CA20055C0F3 /* MTImageLibraryDemo */,
				937B786C1E4B0CA20055C0F3 /* Products */,
			);
			sourceTree = "<group>";
		};
		937B786C1E4B0CA20055C0F3 /* Products */ = {
			isa = PBXGroup;
			children = (
				937B786B1E4B0CA20055C0F3 /* MTImageLibraryDemo.app */,
			);
			name = Products;
			sourceTree = "<group>";
		};
		937B786D1E4B0CA20055C0F3 /* MTImageLibraryDemo */ = {
			isa = PBXGroup;
			children = (
				937B786E1E4B0CA20055C0F3 /* AppDelegate.swift */,
				937B78701E4B0CA20055C0F3 /* ViewController.swift */,
				937B78721E4B0CA20055C0F3 /* Main.storyboard */,
				937B78751E4B0CA20055C0F3 /* Assets.xcassets */,
				937B78771E4B0CA20055C0F3 /* LaunchScreen.storyboard */,
				937B787A1E4B0CA20055C0F3 /* Info.plist */,
			);
			path = MTImageLibraryDemo;
			sourceTree = "<group>";
		};
/* End PBXGroup section */

/* Begin PBXNativeTarget section */
		937B786A1E4B0CA20055C0F3 /* MTImageLibraryDemo */ = {
			isa = PBXNativeTarget;
			buildConfigurationList = 937B787D1E4B0CA20055C0F3 /* Build configuration list for PBXNativeTarget "MTImageLibraryDemo" */;
			buildPhases = (
				937B78671E4B0CA20055C0F3 /* Sources */,
				937B78681E4B0CA20055C0F3 /* Frameworks */,
				937B78691E4B0CA20055C0F3 /* Resources */,
			);
			buildRules = (
			);
			dependencies = (
			);
			name = MTImageLibraryDemo;
			productName = MTImageLibraryDemo;
			productReference = 937B786B1E4B0CA20055C0F3 /* MTImageLibraryDemo.app */;
			productType = "com.apple.product-type.application";
		};
/* End PBXNativeTarget section */

/* Begin PBXProject section */
		937B78631E4B0CA20055C0F3 /* Project object */ = {
			isa = PBXProject;
			attributes = {
				LastSwiftUpdateCheck = 0820;
				LastUpgradeCheck = 0820;
				ORGANIZATIONNAME = mtry;
				TargetAttributes = {
					937B786A1E4B0CA20055C0F3 = {
						CreatedOnToolsVersion = 8.2.1;
						DevelopmentTeam = ZV5SVKKPDA;
						ProvisioningStyle = Automatic;
					};
				};
			};
			buildConfigurationList = 937B78661E4B0CA20055C0F3 /* Build configuration list for PBXProject "MTImageLibraryDemo" */;
			compatibilityVersion = "Xcode 3.2";
			developmentRegion = English;
			hasScannedForEncodings = 0;
			knownRegions = (
				en,
				Base,
			);
			mainGroup = 937B78621E4B0CA20055C0F3;
			productRefGroup = 937B786C1E4B0CA20055C0F3 /* Products */;
			projectDirPath = "";
			projectRoot = "";
			targets = (
				937B786A1E4B0CA20055C0F3 /* MTImageLibraryDemo */,
			);
		};
/* End PBXProject section */

/* Begin PBXResourcesBuildPhase section */
		937B78691E4B0CA20055C0F3 /* Resources */ = {
			isa = PBXResourcesBuildPhase;
			buildActionMask = 2147483647;
			files = (
				937B78791E4B0CA20055C0F3 /* LaunchScreen.storyboard in Resources */,
				937B78761E4B0CA20055C0F3 /* Assets.xcassets in Resources */,
				937B78741E4B0CA20055C0F3 /* Main.storyboard in Resources */,
			);
			runOnlyForDeploymentPostprocessing = 0;
		};
/* End PBXResourcesBuildPhase section */

/* Begin PBXSourcesBuildPhase section */
		937B78671E4B0CA20055C0F3 /* Sources */ = {
			isa = PBXSourcesBuildPhase;
			buildActionMask = 2147483647;
			files = (
				937B78711E4B0CA20055C0F3 /* ViewController.swift in Sources */,
				937B786F1E4B0CA20055C0F3 /* AppDelegate.swift in Sources */,
			);
			runOnlyForDeploymentPostprocessing = 0;
		};
/* End PBXSourcesBuildPhase section */

/* Begin PBXVariantGroup section */
		937B78721E4B0CA20055C0F3 /* Main.storyboard */ = {
			isa = PBXVariantGroup;
			children = (
				937B78731E4B0CA20055C0F3 /* Base */,
			);
			name = Main.storyboard;
			sourceTree = "<group>";
		};
		937B78771E4B0CA20055C0F3 /* LaunchScreen.storyboard */ = {
			isa = PBXVariantGroup;
			children = (
				937B78781E4B0CA20055C0F3 /* Base */,
			);
			name = LaunchScreen.storyboard;
			sourceTree = "<group>";
		};
/* End PBXVariantGroup section */

/* Begin XCBuildConfiguration section */
		937B787B1E4B0CA20055C0F3 /* Debug */ = {
			isa = XCBuildConfiguration;
			buildSettings = {
				ALWAYS_SEARCH_USER_PATHS = NO;
				CLANG_ANALYZER_NONNULL = YES;
				CLANG_CXX_LANGUAGE_STANDARD = "gnu++0x";
				CLANG_CXX_LIBRARY = "libc++";
				CLANG_ENABLE_MODULES = YES;
				CLANG_ENABLE_OBJC_ARC = YES;
				CLANG_WARN_BOOL_CONVERSION = YES;
				CLANG_WARN_CONSTANT_CONVERSION = YES;
				CLANG_WARN_DIRECT_OBJC_ISA_USAGE = YES_ERROR;
				CLANG_WARN_DOCUMENTATION_COMMENTS = YES;
				CLANG_WARN_EMPTY_BODY = YES;
				CLANG_WARN_ENUM_CONVERSION = YES;
				CLANG_WARN_INFINITE_RECURSION = YES;
				CLANG_WARN_INT_CONVERSION = YES;
				CLANG_WARN_OBJC_ROOT_CLASS = YES_ERROR;
				CLANG_WARN_SUSPICIOUS_MOVE = YES;
				CLANG_WARN_UNREACHABLE_CODE = YES;
				CLANG_WARN__DUPLICATE_METHOD_MATCH = YES;
				"CODE_SIGN_IDENTITY[sdk=iphoneos*]" = "iPhone Developer";
				COPY_PHASE_STRIP = NO;
				DEBUG_INFORMATION_FORMAT = dwarf;
				ENABLE_STRICT_OBJC_MSGSEND = YES;
				ENABLE_TESTABILITY = YES;
				GCC_C_LANGUAGE_STANDARD = gnu99;
				GCC_DYNAMIC_NO_PIC = NO;
				GCC_NO_COMMON_BLOCKS = YES;
				GCC_OPTIMIZATION_LEVEL = 0;
				GCC_PREPROCESSOR_DEFINITIONS = (
					"DEBUG=1",
					"$(inherited)",
				);
				GCC_WARN_64_TO_32_BIT_CONVERSION = YES;
				GCC_WARN_ABOUT_RETURN_TYPE = YES_ERROR;
				GCC_WARN_UNDECLARED_SELECTOR = YES;
				GCC_WARN_UNINITIALIZED_AUTOS = YES_AGGRESSIVE;
				GCC_WARN_UNUSED_FUNCTION = YES;
				GCC_WARN_UNUSED_VARIABLE = YES;
				IPHONEOS_DEPLOYMENT_TARGET = 10.2;
				MTL_ENABLE_DEBUG_INFO = YES;
				ONLY_ACTIVE_ARCH = YES;
				SDKROOT = iphoneos;
				SWIFT_ACTIVE_COMPILATION_CONDITIONS = DEBUG;
				SWIFT_OPTIMIZATION_LEVEL = "-Onone";
				TARGETED_DEVICE_FAMILY = "1,2";
			};
			name = Debug;
		};
		937B787C1E4B0CA20055C0F3 /* Release */ = {
			isa = XCBuildConfiguration;
			buildSettings = {
				ALWAYS_SEARCH_USER_PATHS = NO;
				CLANG_ANALYZER_NONNULL = YES;
				CLANG_CXX_LANGUAGE_STANDARD = "gnu++0x";
				CLANG_CXX_LIBRARY = "libc++";
				CLANG_ENABLE_MODULES = YES;
				CLANG_ENABLE_OBJC_ARC = YES;
				CLANG_WARN_BOOL_CONVERSION = YES;
				CLANG_WARN_CONSTANT_CONVERSION = YES;
				CLANG_WARN_DIRECT_OBJC_ISA_USAGE = YES_ERROR;
				CLANG_WARN_DOCUMENTATION_COMMENTS = YES;
				CLANG_WARN_EMPTY_BODY = YES;
				CLANG_WARN_ENUM_CONVERSION = YES;
				CLANG_WARN_INFINITE_RECURSION = YES;
				CLANG_WARN_INT_CONVERSION = YES;
				CLANG_WARN_OBJC_ROOT_CLASS = YES_ERROR;
				CLANG_WARN_SUSPICIOUS_MOVE = YES;
				CLANG_WARN_UNREACHABLE_CODE = YES;
				CLANG_WARN__DUPLICATE_METHOD_MATCH = YES;
				"CODE_SIGN_IDENTITY[sdk=iphoneos*]" = "iPhone Developer";
				COPY_PHASE_STRIP = NO;
				DEBUG_INFORMATION_FORMAT = "dwarf-with-dsym";
				ENABLE_NS_ASSERTIONS = NO;
				ENABLE_STRICT_OBJC_MSGSEND = YES;
				GCC_C_LANGUAGE_STANDARD = gnu99;
				GCC_NO_COMMON_BLOCKS = YES;
				GCC_WARN_64_TO_32_BIT_CONVERSION = YES;
				GCC_WARN_ABOUT_RETURN_TYPE = YES_ERROR;
				GCC_WARN_UNDECLARED_SELECTOR = YES;
				GCC_WARN_UNINITIALIZED_AUTOS = YES_AGGRESSIVE;
				GCC_WARN_UNUSED_FUNCTION = YES;
				GCC_WARN_UNUSED_VARIABLE = YES;
				IPHONEOS_DEPLOYMENT_TARGET = 10.2;
				MTL_ENABLE_DEBUG_INFO = NO;
				SDKROOT = iphoneos;
				SWIFT_OPTIMIZATION_LEVEL = "-Owholemodule";
				TARGETED_DEVICE_FAMILY = "1,2";
				VALIDATE_PRODUCT = YES;
			};
			name = Release;
		};
		937B787E1E4B0CA20055C0F3 /* Debug */ = {
			isa = XCBuildConfiguration;
			buildSettings = {
				ASSETCATALOG_COMPILER_APPICON_NAME = AppIcon;
				DEVELOPMENT_TEAM = ZV5SVKKPDA;
				INFOPLIST_FILE = MTImageLibraryDemo/Info.plist;
				LD_RUNPATH_SEARCH_PATHS = "$(inherited) @executable_path/Frameworks";
				PRODUCT_BUNDLE_IDENTIFIER = com.mtry.MTImageLibraryDemo;
				PRODUCT_NAME = "$(TARGET_NAME)";
				SWIFT_VERSION = 3.0;
			};
			name = Debug;
		};
		937B787F1E4B0CA20055C0F3 /* Release */ = {
			isa = XCBuildConfiguration;
			buildSettings = {
				ASSETCATALOG_COMPILER_APPICON_NAME = AppIcon;
				DEVELOPMENT_TEAM = ZV5SVKKPDA;
				INFOPLIST_FILE = MTImageLibraryDemo/Info.plist;
				LD_RUNPATH_SEARCH_PATHS = "$(inherited) @executable_path/Frameworks";
				PRODUCT_BUNDLE_IDENTIFIER = com.mtry.MTImageLibraryDemo;
				PRODUCT_NAME = "$(TARGET_NAME)";
				SWIFT_VERSION = 3.0;
			};
			name = Release;
		};
/* End XCBuildConfiguration section */

/* Begin XCConfigurationList section */
		937B78661E4B0CA20055C0F3 /* Build configuration list for PBXProject "MTImageLibraryDemo" */ = {
			isa = XCConfigurationList;
			buildConfigurations = (
				937B787B1E4B0CA20055C0F3 /* Debug */,
				937B787C1E4B0CA20055C0F3 /* Release */,
			);
			defaultConfigurationIsVisible = 0;
			defaultConfigurationName = Release;
		};
		937B787D1E4B0CA20055C0F3 /* Build configuration list for PBXNativeTarget "MTImageLibraryDemo" */ = {
			isa = XCConfigurationList;
			buildConfigurations = (
				937B787E1E4B0CA20055C0F3 /* Debug */,
				937B787F1E4B0CA20055C0F3 /* Release */,
			);
			defaultConfigurationIsVisible = 0;
		};
/* End XCConfigurationList section */
	};
	rootObject = 937B78631E4B0CA20055C0F3 /* Project object */;
}
